
Microsoft Visual Studio Solution File, Format Version 12.00
# Visual Studio Version 16
VisualStudioVersion = 16.0.30011.22
MinimumVisualStudioVersion = 10.0.40219.1
Project("{FAE04EC0-301F-11D3-BF4B-00C04F79EFBC}") = "Inventaire", "Inventaire\Inventaire.csproj", "{88A33D5C-D699-4488-AAAE-3EBCA6DCE5AF}"
EndProject
Global
	GlobalSection(SolutionConfigurationPlatforms) = preSolution
		Debug|x64 = Debug|x64
	EndGlobalSection
	GlobalSection(ProjectConfigurationPlatforms) = postSolution
		{88A33D5C-D699-4488-AAAE-3EBCA6DCE5AF}.Debug|x64.ActiveCfg = Debug|x64
		{88A33D5C-D699-4488-AAAE-3EBCA6DCE5AF}.Debug|x64.Build.0 = Debug|x64
	EndGlobalSection
	GlobalSection(SolutionProperties) = preSolution
		HideSolutionNode = FALSE
	EndGlobalSection
	GlobalSection(ExtensibilityGlobals) = postSolution
		SolutionGuid = {A6EB20BC-2D77-4514-BCF7-4CE506112C3D}
	EndGlobalSection
EndGlobal
